
Microsoft Visual Studio Solution File, Format Version 12.00
# Visual Studio 15
VisualStudioVersion = 15.0.27703.2026
MinimumVisualStudioVersion = 10.0.40219.1
Project("{FAE04EC0-301F-11D3-BF4B-00C04F79EFBC}") = "EOSLogParserCoreConsole", "EOSLogParserCoreConsole\EOSLogParserCoreConsole.csproj", "{ABBB6D30-289F-4E4D-95D4-42E2FA4D6A41}"
EndProject
Project("{FAE04EC0-301F-11D3-BF4B-00C04F79EFBC}") = "EOSNewYork.NodeosLogParser", "EOSNewYork.NodeosLogParser\EOSNewYork.NodeosLogParser.csproj", "{1F71EE92-FD00-4D49-B50C-72ED2E542A84}"
EndProject
Project("{FAE04EC0-301F-11D3-BF4B-00C04F79EFBC}") = "EOSNewYork.RealtimeLogPublisher", "EOSNewYork.RealtimeLogPublisher\EOSNewYork.RealtimeLogPublisher.csproj", "{9D33A630-6113-4BF7-8854-E56A3A0FD541}"
EndProject
Global
	GlobalSection(SolutionConfigurationPlatforms) = preSolution
		Debug|Any CPU = Debug|Any CPU
		Release|Any CPU = Release|Any CPU
	EndGlobalSection
	GlobalSection(ProjectConfigurationPlatforms) = postSolution
		{ABBB6D30-289F-4E4D-95D4-42E2FA4D6A41}.Debug|Any CPU.ActiveCfg = Debug|Any CPU
		{ABBB6D30-289F-4E4D-95D4-42E2FA4D6A41}.Debug|Any CPU.Build.0 = Debug|Any CPU
		{ABBB6D30-289F-4E4D-95D4-42E2FA4D6A41}.Release|Any CPU.ActiveCfg = Release|Any CPU
		{ABBB6D30-289F-4E4D-95D4-42E2FA4D6A41}.Release|Any CPU.Build.0 = Release|Any CPU
		{1F71EE92-FD00-4D49-B50C-72ED2E542A84}.Debug|Any CPU.ActiveCfg = Debug|Any CPU
		{1F71EE92-FD00-4D49-B50C-72ED2E542A84}.Debug|Any CPU.Build.0 = Debug|Any CPU
		{1F71EE92-FD00-4D49-B50C-72ED2E542A84}.Release|Any CPU.ActiveCfg = Release|Any CPU
		{1F71EE92-FD00-4D49-B50C-72ED2E542A84}.Release|Any CPU.Build.0 = Release|Any CPU
		{9D33A630-6113-4BF7-8854-E56A3A0FD541}.Debug|Any CPU.ActiveCfg = Debug|Any CPU
		{9D33A630-6113-4BF7-8854-E56A3A0FD541}.Debug|Any CPU.Build.0 = Debug|Any CPU
		{9D33A630-6113-4BF7-8854-E56A3A0FD541}.Release|Any CPU.ActiveCfg = Release|Any CPU
		{9D33A630-6113-4BF7-8854-E56A3A0FD541}.Release|Any CPU.Build.0 = Release|Any CPU
	EndGlobalSection
	GlobalSection(SolutionProperties) = preSolution
		HideSolutionNode = FALSE
	EndGlobalSection
	GlobalSection(ExtensibilityGlobals) = postSolution
		SolutionGuid = {B42C910B-2291-4FA9-ACC5-7533B3CD9F9E}
	EndGlobalSection
EndGlobal
